
Microsoft Visual Studio Solution File, Format Version 12.00
# Visual Studio Version 17
VisualStudioVersion = 17.10.34902.84
MinimumVisualStudioVersion = 10.0.40219.1
Project("{9A19103F-16F7-4668-BE54-9A1E7A4F7556}") = "MediatorDemo", "MediatorDemo\MediatorDemo.csproj", "{952D6D3D-3A3E-4982-B7FB-532668913DC0}"
EndProject
Project("{FAE04EC0-301F-11D3-BF4B-00C04F79EFBC}") = "MarkerPositions", "MarkerPositions\MarkerPositions.csproj", "{FBD69197-4E37-418F-B056-C490608D325F}"
EndProject
Project("{FAE04EC0-301F-11D3-BF4B-00C04F79EFBC}") = "MediatRDemo", "MediatRDemo\MediatRDemo.csproj", "{B7D91FFD-1BFF-4A63-9BD7-B60C88570CB2}"
EndProject
Global
	GlobalSection(SolutionConfigurationPlatforms) = preSolution
		Debug|Any CPU = Debug|Any CPU
		Release|Any CPU = Release|Any CPU
	EndGlobalSection
	GlobalSection(ProjectConfigurationPlatforms) = postSolution
		{952D6D3D-3A3E-4982-B7FB-532668913DC0}.Debug|Any CPU.ActiveCfg = Debug|Any CPU
		{952D6D3D-3A3E-4982-B7FB-532668913DC0}.Debug|Any CPU.Build.0 = Debug|Any CPU
		{952D6D3D-3A3E-4982-B7FB-532668913DC0}.Release|Any CPU.ActiveCfg = Release|Any CPU
		{952D6D3D-3A3E-4982-B7FB-532668913DC0}.Release|Any CPU.Build.0 = Release|Any CPU
		{FBD69197-4E37-418F-B056-C490608D325F}.Debug|Any CPU.ActiveCfg = Debug|Any CPU
		{FBD69197-4E37-418F-B056-C490608D325F}.Debug|Any CPU.Build.0 = Debug|Any CPU
		{FBD69197-4E37-418F-B056-C490608D325F}.Release|Any CPU.ActiveCfg = Release|Any CPU
		{FBD69197-4E37-418F-B056-C490608D325F}.Release|Any CPU.Build.0 = Release|Any CPU
		{B7D91FFD-1BFF-4A63-9BD7-B60C88570CB2}.Debug|Any CPU.ActiveCfg = Debug|Any CPU
		{B7D91FFD-1BFF-4A63-9BD7-B60C88570CB2}.Debug|Any CPU.Build.0 = Debug|Any CPU
		{B7D91FFD-1BFF-4A63-9BD7-B60C88570CB2}.Release|Any CPU.ActiveCfg = Release|Any CPU
		{B7D91FFD-1BFF-4A63-9BD7-B60C88570CB2}.Release|Any CPU.Build.0 = Release|Any CPU
	EndGlobalSection
	GlobalSection(SolutionProperties) = preSolution
		HideSolutionNode = FALSE
	EndGlobalSection
	GlobalSection(ExtensibilityGlobals) = postSolution
		SolutionGuid = {3AFCC40D-243D-449F-9956-0D82A220FC81}
	EndGlobalSection
EndGlobal
